
Microsoft Visual Studio Solution File, Format Version 12.00
# Visual Studio Version 16
VisualStudioVersion = 16.0.34301.259
MinimumVisualStudioVersion = 10.0.40219.1
Project("{FAE04EC0-301F-11D3-BF4B-00C04F79EFBC}") = "DoTheNhuan_2021600381", "DoTheNhuan_2021600381.csproj", "{5D3B8721-2202-4DFC-A30B-2DB75E89AE8F}"
EndProject
Global
	GlobalSection(SolutionConfigurationPlatforms) = preSolution
		Debug|Any CPU = Debug|Any CPU
		Release|Any CPU = Release|Any CPU
	EndGlobalSection
	GlobalSection(ProjectConfigurationPlatforms) = postSolution
		{5D3B8721-2202-4DFC-A30B-2DB75E89AE8F}.Debug|Any CPU.ActiveCfg = Debug|Any CPU
		{5D3B8721-2202-4DFC-A30B-2DB75E89AE8F}.Debug|Any CPU.Build.0 = Debug|Any CPU
		{5D3B8721-2202-4DFC-A30B-2DB75E89AE8F}.Release|Any CPU.ActiveCfg = Release|Any CPU
		{5D3B8721-2202-4DFC-A30B-2DB75E89AE8F}.Release|Any CPU.Build.0 = Release|Any CPU
	EndGlobalSection
	GlobalSection(SolutionProperties) = preSolution
		HideSolutionNode = FALSE
	EndGlobalSection
	GlobalSection(ExtensibilityGlobals) = postSolution
		SolutionGuid = {AAEB0710-CE7C-441E-B72F-428A0A914A68}
	EndGlobalSection
EndGlobal
