
Microsoft Visual Studio Solution File, Format Version 12.00
# Visual Studio Version 16
VisualStudioVersion = 16.0.34301.259
MinimumVisualStudioVersion = 10.0.40219.1
Project("{FAE04EC0-301F-11D3-BF4B-00C04F79EFBC}") = "WebApplication1", "WebApplication1.csproj", "{B7C38442-595E-4E7F-9C54-8562F624AF30}"
EndProject
Global
	GlobalSection(SolutionConfigurationPlatforms) = preSolution
		Debug|Any CPU = Debug|Any CPU
		Release|Any CPU = Release|Any CPU
	EndGlobalSection
	GlobalSection(ProjectConfigurationPlatforms) = postSolution
		{B7C38442-595E-4E7F-9C54-8562F624AF30}.Debug|Any CPU.ActiveCfg = Debug|Any CPU
		{B7C38442-595E-4E7F-9C54-8562F624AF30}.Debug|Any CPU.Build.0 = Debug|Any CPU
		{B7C38442-595E-4E7F-9C54-8562F624AF30}.Release|Any CPU.ActiveCfg = Release|Any CPU
		{B7C38442-595E-4E7F-9C54-8562F624AF30}.Release|Any CPU.Build.0 = Release|Any CPU
	EndGlobalSection
	GlobalSection(SolutionProperties) = preSolution
		HideSolutionNode = FALSE
	EndGlobalSection
	GlobalSection(ExtensibilityGlobals) = postSolution
		SolutionGuid = {2F00BD38-6742-4AB7-B88E-025AE9F1EBEE}
	EndGlobalSection
EndGlobal
