
Microsoft Visual Studio Solution File, Format Version 12.00
# Visual Studio Version 16
VisualStudioVersion = 16.0.34114.132
MinimumVisualStudioVersion = 10.0.40219.1
Project("{FAE04EC0-301F-11D3-BF4B-00C04F79EFBC}") = "Proj_Luyentap", "Proj_Luyentap\Proj_Luyentap.csproj", "{03BA7AC7-0EBC-4D91-88B2-77FC7BDFC64E}"
EndProject
Global
	GlobalSection(SolutionConfigurationPlatforms) = preSolution
		Debug|Any CPU = Debug|Any CPU
		Release|Any CPU = Release|Any CPU
	EndGlobalSection
	GlobalSection(ProjectConfigurationPlatforms) = postSolution
		{03BA7AC7-0EBC-4D91-88B2-77FC7BDFC64E}.Debug|Any CPU.ActiveCfg = Debug|Any CPU
		{03BA7AC7-0EBC-4D91-88B2-77FC7BDFC64E}.Debug|Any CPU.Build.0 = Debug|Any CPU
		{03BA7AC7-0EBC-4D91-88B2-77FC7BDFC64E}.Release|Any CPU.ActiveCfg = Release|Any CPU
		{03BA7AC7-0EBC-4D91-88B2-77FC7BDFC64E}.Release|Any CPU.Build.0 = Release|Any CPU
	EndGlobalSection
	GlobalSection(SolutionProperties) = preSolution
		HideSolutionNode = FALSE
	EndGlobalSection
	GlobalSection(ExtensibilityGlobals) = postSolution
		SolutionGuid = {6151DF1C-FDF9-4327-9079-830A86FE856D}
	EndGlobalSection
EndGlobal
