
Microsoft Visual Studio Solution File, Format Version 12.00
# Visual Studio Version 16
VisualStudioVersion = 16.0.34301.259
MinimumVisualStudioVersion = 10.0.40219.1
Project("{FAE04EC0-301F-11D3-BF4B-00C04F79EFBC}") = "String_Dictionary", "String_Dictionary.csproj", "{D14FDF4E-A887-47F3-A7FF-DD161CEE709D}"
EndProject
Global
	GlobalSection(SolutionConfigurationPlatforms) = preSolution
		Debug|Any CPU = Debug|Any CPU
		Release|Any CPU = Release|Any CPU
	EndGlobalSection
	GlobalSection(ProjectConfigurationPlatforms) = postSolution
		{D14FDF4E-A887-47F3-A7FF-DD161CEE709D}.Debug|Any CPU.ActiveCfg = Debug|Any CPU
		{D14FDF4E-A887-47F3-A7FF-DD161CEE709D}.Debug|Any CPU.Build.0 = Debug|Any CPU
		{D14FDF4E-A887-47F3-A7FF-DD161CEE709D}.Release|Any CPU.ActiveCfg = Release|Any CPU
		{D14FDF4E-A887-47F3-A7FF-DD161CEE709D}.Release|Any CPU.Build.0 = Release|Any CPU
	EndGlobalSection
	GlobalSection(SolutionProperties) = preSolution
		HideSolutionNode = FALSE
	EndGlobalSection
	GlobalSection(ExtensibilityGlobals) = postSolution
		SolutionGuid = {3A8D0D33-91C5-4187-AAF9-D93AB343DEEF}
	EndGlobalSection
EndGlobal
