
Microsoft Visual Studio Solution File, Format Version 12.00
# Visual Studio Version 16
VisualStudioVersion = 16.0.34301.259
MinimumVisualStudioVersion = 10.0.40219.1
Project("{FAE04EC0-301F-11D3-BF4B-00C04F79EFBC}") = "Proj_LuyenTap", "Proj_LuyenTap\Proj_LuyenTap.csproj", "{799883D5-DCFB-42AB-8FF9-188D879919BE}"
EndProject
Global
	GlobalSection(SolutionConfigurationPlatforms) = preSolution
		Debug|Any CPU = Debug|Any CPU
		Release|Any CPU = Release|Any CPU
	EndGlobalSection
	GlobalSection(ProjectConfigurationPlatforms) = postSolution
		{799883D5-DCFB-42AB-8FF9-188D879919BE}.Debug|Any CPU.ActiveCfg = Debug|Any CPU
		{799883D5-DCFB-42AB-8FF9-188D879919BE}.Debug|Any CPU.Build.0 = Debug|Any CPU
		{799883D5-DCFB-42AB-8FF9-188D879919BE}.Release|Any CPU.ActiveCfg = Release|Any CPU
		{799883D5-DCFB-42AB-8FF9-188D879919BE}.Release|Any CPU.Build.0 = Release|Any CPU
	EndGlobalSection
	GlobalSection(SolutionProperties) = preSolution
		HideSolutionNode = FALSE
	EndGlobalSection
	GlobalSection(ExtensibilityGlobals) = postSolution
		SolutionGuid = {F39A7341-704A-4CA6-B8F0-4D18251418F4}
	EndGlobalSection
EndGlobal
