
Microsoft Visual Studio Solution File, Format Version 12.00
# Visual Studio Version 16
VisualStudioVersion = 16.0.34301.259
MinimumVisualStudioVersion = 10.0.40219.1
Project("{FAE04EC0-301F-11D3-BF4B-00C04F79EFBC}") = "Bai5", "Bai5.csproj", "{8DF69A34-C1F6-48EE-BB09-D1B0A84EBAA6}"
EndProject
Global
	GlobalSection(SolutionConfigurationPlatforms) = preSolution
		Debug|Any CPU = Debug|Any CPU
		Release|Any CPU = Release|Any CPU
	EndGlobalSection
	GlobalSection(ProjectConfigurationPlatforms) = postSolution
		{8DF69A34-C1F6-48EE-BB09-D1B0A84EBAA6}.Debug|Any CPU.ActiveCfg = Debug|Any CPU
		{8DF69A34-C1F6-48EE-BB09-D1B0A84EBAA6}.Debug|Any CPU.Build.0 = Debug|Any CPU
		{8DF69A34-C1F6-48EE-BB09-D1B0A84EBAA6}.Release|Any CPU.ActiveCfg = Release|Any CPU
		{8DF69A34-C1F6-48EE-BB09-D1B0A84EBAA6}.Release|Any CPU.Build.0 = Release|Any CPU
	EndGlobalSection
	GlobalSection(SolutionProperties) = preSolution
		HideSolutionNode = FALSE
	EndGlobalSection
	GlobalSection(ExtensibilityGlobals) = postSolution
		SolutionGuid = {E04D5CF2-45FA-46AA-A1A3-ED30169BD44F}
	EndGlobalSection
EndGlobal
