
Microsoft Visual Studio Solution File, Format Version 12.00
# Visual Studio Version 16
VisualStudioVersion = 16.0.34301.259
MinimumVisualStudioVersion = 10.0.40219.1
Project("{FAE04EC0-301F-11D3-BF4B-00C04F79EFBC}") = "DoTheNhuan_2021600381_B3.b", "DoTheNhuan_2021600381_B3.b.csproj", "{5AD6A82D-3410-4AFE-99A8-0F41D0FA572C}"
EndProject
Global
	GlobalSection(SolutionConfigurationPlatforms) = preSolution
		Debug|Any CPU = Debug|Any CPU
		Release|Any CPU = Release|Any CPU
	EndGlobalSection
	GlobalSection(ProjectConfigurationPlatforms) = postSolution
		{5AD6A82D-3410-4AFE-99A8-0F41D0FA572C}.Debug|Any CPU.ActiveCfg = Debug|Any CPU
		{5AD6A82D-3410-4AFE-99A8-0F41D0FA572C}.Debug|Any CPU.Build.0 = Debug|Any CPU
		{5AD6A82D-3410-4AFE-99A8-0F41D0FA572C}.Release|Any CPU.ActiveCfg = Release|Any CPU
		{5AD6A82D-3410-4AFE-99A8-0F41D0FA572C}.Release|Any CPU.Build.0 = Release|Any CPU
	EndGlobalSection
	GlobalSection(SolutionProperties) = preSolution
		HideSolutionNode = FALSE
	EndGlobalSection
	GlobalSection(ExtensibilityGlobals) = postSolution
		SolutionGuid = {BED46340-DC81-403D-B914-19E1EB7E4BD9}
	EndGlobalSection
EndGlobal
